{
  "name": "@lc-ant/core",
  "version": "0.0.1",
  "lockfileVersion": 3,
  "requires": true,
  "packages": {
    "": {
      "name": "@lc-ant/core",
      "version": "0.0.1",
      "dependencies": {
        "tslib": "^2.3.0"
      },
      "peerDependencies": {
        "@angular/common": "^17.0.2",
        "@angular/core": "^17.0.2",
        "@ionic/angular": "^7.0.0",
        "@ionic/storage-angular": "^4.0.0"
      }
    },
    "node_modules/@angular/common": {
      "version": "17.3.3",
      "resolved": "https://registry.npmjs.org/@angular/common/-/common-17.3.3.tgz",
      "integrity": "sha512-GwlKetNpfWKiG2j4S6bYTi6PA2iT4+eln7o8owo44xZWdQnWQjfxnH39vQuCyhi6OOQL1dozmae+fVXgQsV6jQ==",
      "peer": true,
      "dependencies": {
        "tslib": "^2.3.0"
      },
      "engines": {
        "node": "^18.13.0 || >=20.9.0"
      },
      "peerDependencies": {
        "@angular/core": "17.3.3",
        "rxjs": "^6.5.3 || ^7.4.0"
      }
    },
    "node_modules/@angular/core": {
      "version": "17.3.3",
      "resolved": "https://registry.npmjs.org/@angular/core/-/core-17.3.3.tgz",
      "integrity": "sha512-O/jr3aFJMCxF6Jmymjx4jIigRHJfqM/ALIi60y2LVznBVFkk9xyMTsAjgWQIEHX+2muEIzgfKuXzpL0y30y+wA==",
      "peer": true,
      "dependencies": {
        "tslib": "^2.3.0"
      },
      "engines": {
        "node": "^18.13.0 || >=20.9.0"
      },
      "peerDependencies": {
        "rxjs": "^6.5.3 || ^7.4.0",
        "zone.js": "~0.14.0"
      }
    },
    "node_modules/@angular/forms": {
      "version": "17.3.3",
      "resolved": "https://registry.npmjs.org/@angular/forms/-/forms-17.3.3.tgz",
      "integrity": "sha512-wqn+eAggbOZY91hr7oDjv5qdflszVOC9SZMcWJUoZTGn+8eoV6v6728GDFuDDwYkKQ9G9eQbX4IZmYoVw3TVjQ==",
      "peer": true,
      "dependencies": {
        "tslib": "^2.3.0"
      },
      "engines": {
        "node": "^18.13.0 || >=20.9.0"
      },
      "peerDependencies": {
        "@angular/common": "17.3.3",
        "@angular/core": "17.3.3",
        "@angular/platform-browser": "17.3.3",
        "rxjs": "^6.5.3 || ^7.4.0"
      }
    },
    "node_modules/@angular/platform-browser": {
      "version": "17.3.3",
      "resolved": "https://registry.npmjs.org/@angular/platform-browser/-/platform-browser-17.3.3.tgz",
      "integrity": "sha512-XFWjquD+Pr9VszRzrDlT6uaf57TsY9XhL9iHCNok6Op5DpVQpIAuw1vFt2t5ZoQ0gv+lY8mVWnxgqe3CgTdYxw==",
      "peer": true,
      "dependencies": {
        "tslib": "^2.3.0"
      },
      "engines": {
        "node": "^18.13.0 || >=20.9.0"
      },
      "peerDependencies": {
        "@angular/animations": "17.3.3",
        "@angular/common": "17.3.3",
        "@angular/core": "17.3.3"
      },
      "peerDependenciesMeta": {
        "@angular/animations": {
          "optional": true
        }
      }
    },
    "node_modules/@angular/router": {
      "version": "17.3.3",
      "resolved": "https://registry.npmjs.org/@angular/router/-/router-17.3.3.tgz",
      "integrity": "sha512-kj42+TtwvET7MFqxB3pkKyob0VNmspASlv8Y29vSpzzaOHn8J1fDf6H+8opoIC+Gmvo5NqXUDwq7nxI5aQ0mUQ==",
      "peer": true,
      "dependencies": {
        "tslib": "^2.3.0"
      },
      "engines": {
        "node": "^18.13.0 || >=20.9.0"
      },
      "peerDependencies": {
        "@angular/common": "17.3.3",
        "@angular/core": "17.3.3",
        "@angular/platform-browser": "17.3.3",
        "rxjs": "^6.5.3 || ^7.4.0"
      }
    },
    "node_modules/@ionic/angular": {
      "version": "7.8.3",
      "resolved": "https://registry.npmjs.org/@ionic/angular/-/angular-7.8.3.tgz",
      "integrity": "sha512-a0tf/QFgGFMdWePwwvxxxiqbzD6e4ws4Vok9kTqKa6C5488tQJrFJuuNTDADrAfuTLHS731r19NiiUfHRSdeqg==",
      "peer": true,
      "dependencies": {
        "@ionic/core": "7.8.3",
        "ionicons": "^7.0.0",
        "jsonc-parser": "^3.0.0",
        "tslib": "^2.3.0"
      },
      "peerDependencies": {
        "@angular/core": ">=14.0.0",
        "@angular/forms": ">=14.0.0",
        "@angular/router": ">=14.0.0",
        "rxjs": ">=7.5.0",
        "zone.js": ">=0.11.0"
      }
    },
    "node_modules/@ionic/core": {
      "version": "7.8.3",
      "resolved": "https://registry.npmjs.org/@ionic/core/-/core-7.8.3.tgz",
      "integrity": "sha512-5pFoE8gbhbCuyQlZ7BlRk4+S4PmmqgkALw4IAhtUK1TuzsKJ2KLFBlp0rdlWS+VcKEyrec/ptVki8oN5335vRA==",
      "peer": true,
      "dependencies": {
        "@stencil/core": "^4.12.2",
        "ionicons": "^7.2.2",
        "tslib": "^2.1.0"
      }
    },
    "node_modules/@ionic/storage": {
      "version": "4.0.0",
      "resolved": "https://registry.npmjs.org/@ionic/storage/-/storage-4.0.0.tgz",
      "integrity": "sha512-3N21P19Xk6cICLnSXZ3ilRqbSXAGSFeIF3HNqz+1kARcm0UFT/vwmZreaXtFyq437vvEWOfJ2enlj3JHLKS0FA==",
      "peer": true,
      "dependencies": {
        "localforage": "^1.9.0"
      }
    },
    "node_modules/@ionic/storage-angular": {
      "version": "4.0.0",
      "resolved": "https://registry.npmjs.org/@ionic/storage-angular/-/storage-angular-4.0.0.tgz",
      "integrity": "sha512-FeSmCMCm1bMRfu5TFSqLtjdfEo/dLLUhLIrPmbhSYomVZdV/dNn4mBZv9SabyxSqn4bF31hw40y+4buhG+durQ==",
      "peer": true,
      "dependencies": {
        "@ionic/storage": "^4.0.0",
        "tslib": "^2.3.0"
      },
      "peerDependencies": {
        "@angular/core": "*",
        "rxjs": "*"
      }
    },
    "node_modules/@stencil/core": {
      "version": "4.15.0",
      "resolved": "https://registry.npmjs.org/@stencil/core/-/core-4.15.0.tgz",
      "integrity": "sha512-C5syM3chCyxX0Os5M+ZWrBujjqwUfrTb87YiLr8RC+kMTmIpnRvvtj8/s3QYDGdDENGRxGkBpeboVh82IGqk0w==",
      "peer": true,
      "bin": {
        "stencil": "bin/stencil"
      },
      "engines": {
        "node": ">=16.0.0",
        "npm": ">=7.10.0"
      }
    },
    "node_modules/immediate": {
      "version": "3.0.6",
      "resolved": "https://registry.npmjs.org/immediate/-/immediate-3.0.6.tgz",
      "integrity": "sha512-XXOFtyqDjNDAQxVfYxuF7g9Il/IbWmmlQg2MYKOH8ExIT1qg6xc4zyS3HaEEATgs1btfzxq15ciUiY7gjSXRGQ==",
      "peer": true
    },
    "node_modules/ionicons": {
      "version": "7.3.1",
      "resolved": "https://registry.npmjs.org/ionicons/-/ionicons-7.3.1.tgz",
      "integrity": "sha512-1boG4EQTBBpQ4/0PU60Yi78Iw/k8iNtKu9c0NmsbzHGnWAcwpiovG9Wi/rk5UlF+DC+CR4XDCxKo91YqvAxkww==",
      "peer": true,
      "dependencies": {
        "@stencil/core": "^4.0.3"
      }
    },
    "node_modules/jsonc-parser": {
      "version": "3.2.1",
      "resolved": "https://registry.npmjs.org/jsonc-parser/-/jsonc-parser-3.2.1.tgz",
      "integrity": "sha512-AilxAyFOAcK5wA1+LeaySVBrHsGQvUFCDWXKpZjzaL0PqW+xfBOttn8GNtWKFWqneyMZj41MWF9Kl6iPWLwgOA==",
      "peer": true
    },
    "node_modules/lie": {
      "version": "3.1.1",
      "resolved": "https://registry.npmjs.org/lie/-/lie-3.1.1.tgz",
      "integrity": "sha512-RiNhHysUjhrDQntfYSfY4MU24coXXdEOgw9WGcKHNeEwffDYbF//u87M1EWaMGzuFoSbqW0C9C6lEEhDOAswfw==",
      "peer": true,
      "dependencies": {
        "immediate": "~3.0.5"
      }
    },
    "node_modules/localforage": {
      "version": "1.10.0",
      "resolved": "https://registry.npmjs.org/localforage/-/localforage-1.10.0.tgz",
      "integrity": "sha512-14/H1aX7hzBBmmh7sGPd+AOMkkIrHM3Z1PAyGgZigA1H1p5O5ANnMyWzvpAETtG68/dC4pC0ncy3+PPGzXZHPg==",
      "peer": true,
      "dependencies": {
        "lie": "3.1.1"
      }
    },
    "node_modules/rxjs": {
      "version": "7.8.1",
      "resolved": "https://registry.npmjs.org/rxjs/-/rxjs-7.8.1.tgz",
      "integrity": "sha512-AA3TVj+0A2iuIoQkWEK/tqFjBq2j+6PO6Y0zJcvzLAFhEFIO3HL0vls9hWLncZbAAbK0mar7oZ4V079I/qPMxg==",
      "peer": true,
      "dependencies": {
        "tslib": "^2.1.0"
      }
    },
    "node_modules/tslib": {
      "version": "2.6.2",
      "resolved": "https://registry.npmjs.org/tslib/-/tslib-2.6.2.tgz",
      "integrity": "sha512-AEYxH93jGFPn/a2iVAwW87VuUIkR1FVUKB77NwMF7nBTDkDrrT/Hpt/IrCJ0QXhW27jTBDcf5ZY7w6RiqTMw2Q=="
    },
    "node_modules/zone.js": {
      "version": "0.14.4",
      "resolved": "https://registry.npmjs.org/zone.js/-/zone.js-0.14.4.tgz",
      "integrity": "sha512-NtTUvIlNELez7Q1DzKVIFZBzNb646boQMgpATo9z3Ftuu/gWvzxCW7jdjcUDoRGxRikrhVHB/zLXh1hxeJawvw==",
      "peer": true,
      "dependencies": {
        "tslib": "^2.3.0"
      }
    }
  }
}
